
Microsoft Visual Studio Solution File, Format Version 12.00
# Visual Studio Version 16
VisualStudioVersion = 16.0.30523.141
MinimumVisualStudioVersion = 10.0.40219.1
Project("{FAE04EC0-301F-11D3-BF4B-00C04F79EFBC}") = "AngularNetCoreUdemy.Client", "AngularNetCoreUdemy.Client\AngularNetCoreUdemy.Client.csproj", "{060A132B-C517-4D7A-8013-5FBA083643E4}"
EndProject
Global
	GlobalSection(SolutionConfigurationPlatforms) = preSolution
		Debug|Any CPU = Debug|Any CPU
		Release|Any CPU = Release|Any CPU
	EndGlobalSection
	GlobalSection(ProjectConfigurationPlatforms) = postSolution
		{060A132B-C517-4D7A-8013-5FBA083643E4}.Debug|Any CPU.ActiveCfg = Debug|Any CPU
		{060A132B-C517-4D7A-8013-5FBA083643E4}.Debug|Any CPU.Build.0 = Debug|Any CPU
		{060A132B-C517-4D7A-8013-5FBA083643E4}.Release|Any CPU.ActiveCfg = Release|Any CPU
		{060A132B-C517-4D7A-8013-5FBA083643E4}.Release|Any CPU.Build.0 = Release|Any CPU
	EndGlobalSection
	GlobalSection(SolutionProperties) = preSolution
		HideSolutionNode = FALSE
	EndGlobalSection
	GlobalSection(ExtensibilityGlobals) = postSolution
		SolutionGuid = {7BFFAAFB-97FA-4B38-83E0-D875087DCBBE}
	EndGlobalSection
EndGlobal
